
Microsoft Visual Studio Solution File, Format Version 12.00
# Visual Studio Version 16
VisualStudioVersion = 16.0.29519.87
MinimumVisualStudioVersion = 10.0.40219.1
Project("{FAE04EC0-301F-11D3-BF4B-00C04F79EFBC}") = "Proyecto", "Proyecto\Proyecto.csproj", "{878B4830-BB7C-4369-8A2F-319C66205BF9}"
EndProject
Project("{FAE04EC0-301F-11D3-BF4B-00C04F79EFBC}") = "PruebasUnitarias", "PruebasUnitarias\PruebasUnitarias.csproj", "{322715EC-6A1D-4CD0-ACA5-2FA91BAA2601}"
EndProject
Global
	GlobalSection(SolutionConfigurationPlatforms) = preSolution
		Debug|Any CPU = Debug|Any CPU
		Release|Any CPU = Release|Any CPU
	EndGlobalSection
	GlobalSection(ProjectConfigurationPlatforms) = postSolution
		{878B4830-BB7C-4369-8A2F-319C66205BF9}.Debug|Any CPU.ActiveCfg = Debug|Any CPU
		{878B4830-BB7C-4369-8A2F-319C66205BF9}.Debug|Any CPU.Build.0 = Debug|Any CPU
		{878B4830-BB7C-4369-8A2F-319C66205BF9}.Release|Any CPU.ActiveCfg = Release|Any CPU
		{878B4830-BB7C-4369-8A2F-319C66205BF9}.Release|Any CPU.Build.0 = Release|Any CPU
		{322715EC-6A1D-4CD0-ACA5-2FA91BAA2601}.Debug|Any CPU.ActiveCfg = Debug|Any CPU
		{322715EC-6A1D-4CD0-ACA5-2FA91BAA2601}.Debug|Any CPU.Build.0 = Debug|Any CPU
		{322715EC-6A1D-4CD0-ACA5-2FA91BAA2601}.Release|Any CPU.ActiveCfg = Release|Any CPU
		{322715EC-6A1D-4CD0-ACA5-2FA91BAA2601}.Release|Any CPU.Build.0 = Release|Any CPU
	EndGlobalSection
	GlobalSection(SolutionProperties) = preSolution
		HideSolutionNode = FALSE
	EndGlobalSection
	GlobalSection(ExtensibilityGlobals) = postSolution
		SolutionGuid = {16AE6B18-E7FC-4E2E-BAC3-2A81E49F893E}
	EndGlobalSection
EndGlobal
